// !$*UTF8*$!
{
	archiveVersion = 1;
	classes = {
	};
	objectVersion = 46;
	objects = {

/* Begin PBXBuildFile section */
		F62A54491A6CA8EB0015FFC9 /* NSArray+iTool.m in Sources */ = {isa = PBXBuildFile; fileRef = F62A54101A6CA8EB0015FFC9 /* NSArray+iTool.m */; };
		F62A544A1A6CA8EB0015FFC9 /* NSData+iTool.m in Sources */ = {isa = PBXBuildFile; fileRef = F62A54121A6CA8EB0015FFC9 /* NSData+iTool.m */; };
		F62A544B1A6CA8EB0015FFC9 /* NSMutableArray+iTool.m in Sources */ = {isa = PBXBuildFile; fileRef = F62A54141A6CA8EB0015FFC9 /* NSMutableArray+iTool.m */; };
		F62A544C1A6CA8EB0015FFC9 /* NSString+iTool.m in Sources */ = {isa = PBXBuildFile; fileRef = F62A54161A6CA8EB0015FFC9 /* NSString+iTool.m */; };
		F62A544D1A6CA8EB0015FFC9 /* iTBDeviceInfo.m in Sources */ = {isa = PBXBuildFile; fileRef = F62A54181A6CA8EB0015FFC9 /* iTBDeviceInfo.m */; };
		F62A544E1A6CA8EB0015FFC9 /* iTBFoundation.m in Sources */ = {isa = PBXBuildFile; fileRef = F62A541A1A6CA8EB0015FFC9 /* iTBFoundation.m */; };
		F62A544F1A6CA8EB0015FFC9 /* iTBSandBox.m in Sources */ = {isa = PBXBuildFile; fileRef = F62A541C1A6CA8EB0015FFC9 /* iTBSandBox.m */; };
		F62A54501A6CA8EB0015FFC9 /* iTBSingleton.m in Sources */ = {isa = PBXBuildFile; fileRef = F62A541E1A6CA8EB0015FFC9 /* iTBSingleton.m */; };
		F62A54511A6CA8EB0015FFC9 /* iTBSystemInfo.m in Sources */ = {isa = PBXBuildFile; fileRef = F62A54201A6CA8EB0015FFC9 /* iTBSystemInfo.m */; };
		F62A54521A6CA8EB0015FFC9 /* UIButton+iTool.m in Sources */ = {isa = PBXBuildFile; fileRef = F62A54241A6CA8EB0015FFC9 /* UIButton+iTool.m */; };
		F62A54531A6CA8EB0015FFC9 /* UIImage+iTool.m in Sources */ = {isa = PBXBuildFile; fileRef = F62A54261A6CA8EB0015FFC9 /* UIImage+iTool.m */; };
		F62A54541A6CA8EB0015FFC9 /* JSONModel.m in Sources */ = {isa = PBXBuildFile; fileRef = F62A542B1A6CA8EB0015FFC9 /* JSONModel.m */; };
		F62A54551A6CA8EB0015FFC9 /* JSONModelArray.m in Sources */ = {isa = PBXBuildFile; fileRef = F62A542D1A6CA8EB0015FFC9 /* JSONModelArray.m */; };
		F62A54561A6CA8EB0015FFC9 /* JSONModelClassProperty.m in Sources */ = {isa = PBXBuildFile; fileRef = F62A542F1A6CA8EB0015FFC9 /* JSONModelClassProperty.m */; };
		F62A54571A6CA8EB0015FFC9 /* JSONModelError.m in Sources */ = {isa = PBXBuildFile; fileRef = F62A54311A6CA8EB0015FFC9 /* JSONModelError.m */; };
		F62A54581A6CA8EB0015FFC9 /* NSArray+JSONModel.m in Sources */ = {isa = PBXBuildFile; fileRef = F62A54341A6CA8EB0015FFC9 /* NSArray+JSONModel.m */; };
		F62A54591A6CA8EB0015FFC9 /* JSONAPI.m in Sources */ = {isa = PBXBuildFile; fileRef = F62A54381A6CA8EB0015FFC9 /* JSONAPI.m */; };
		F62A545A1A6CA8EB0015FFC9 /* JSONHTTPClient.m in Sources */ = {isa = PBXBuildFile; fileRef = F62A543A1A6CA8EB0015FFC9 /* JSONHTTPClient.m */; };
		F62A545B1A6CA8EB0015FFC9 /* JSONModel+networking.m in Sources */ = {isa = PBXBuildFile; fileRef = F62A543C1A6CA8EB0015FFC9 /* JSONModel+networking.m */; };
		F62A545C1A6CA8EB0015FFC9 /* JSONKeyMapper.m in Sources */ = {isa = PBXBuildFile; fileRef = F62A543F1A6CA8EB0015FFC9 /* JSONKeyMapper.m */; };
		F62A545D1A6CA8EB0015FFC9 /* JSONValueTransformer.m in Sources */ = {isa = PBXBuildFile; fileRef = F62A54411A6CA8EB0015FFC9 /* JSONValueTransformer.m */; };
		F62A545E1A6CA8EB0015FFC9 /* SVIndefiniteAnimatedView.m in Sources */ = {isa = PBXBuildFile; fileRef = F62A54441A6CA8EB0015FFC9 /* SVIndefiniteAnimatedView.m */; };
		F62A545F1A6CA8EB0015FFC9 /* SVProgressHUD.bundle in Resources */ = {isa = PBXBuildFile; fileRef = F62A54461A6CA8EB0015FFC9 /* SVProgressHUD.bundle */; };
		F62A54601A6CA8EB0015FFC9 /* SVProgressHUD.m in Sources */ = {isa = PBXBuildFile; fileRef = F62A54481A6CA8EB0015FFC9 /* SVProgressHUD.m */; };
		F62A54631A6CA96F0015FFC9 /* UIView+iTool.m in Sources */ = {isa = PBXBuildFile; fileRef = F62A54621A6CA96F0015FFC9 /* UIView+iTool.m */; };
		F635A8971A5E24DF0073900E /* main.m in Sources */ = {isa = PBXBuildFile; fileRef = F635A8961A5E24DF0073900E /* main.m */; };
		F635A89A1A5E24DF0073900E /* AppDelegate.m in Sources */ = {isa = PBXBuildFile; fileRef = F635A8991A5E24DF0073900E /* AppDelegate.m */; };
		F635A89D1A5E24DF0073900E /* ViewController.m in Sources */ = {isa = PBXBuildFile; fileRef = F635A89C1A5E24DF0073900E /* ViewController.m */; };
		F635A8A01A5E24DF0073900E /* Main.storyboard in Resources */ = {isa = PBXBuildFile; fileRef = F635A89E1A5E24DF0073900E /* Main.storyboard */; };
		F635A8A21A5E24DF0073900E /* Images.xcassets in Resources */ = {isa = PBXBuildFile; fileRef = F635A8A11A5E24DF0073900E /* Images.xcassets */; };
		F635A8A51A5E24DF0073900E /* LaunchScreen.xib in Resources */ = {isa = PBXBuildFile; fileRef = F635A8A31A5E24DF0073900E /* LaunchScreen.xib */; };
		F635A8B11A5E24DF0073900E /* iToolBoxTests.m in Sources */ = {isa = PBXBuildFile; fileRef = F635A8B01A5E24DF0073900E /* iToolBoxTests.m */; };
		F63A59231AA7E7E5006FF4F6 /* FMDatabase.m in Sources */ = {isa = PBXBuildFile; fileRef = F63A59191AA7E7E5006FF4F6 /* FMDatabase.m */; };
		F63A59241AA7E7E5006FF4F6 /* FMDatabaseAdditions.m in Sources */ = {isa = PBXBuildFile; fileRef = F63A591B1AA7E7E5006FF4F6 /* FMDatabaseAdditions.m */; };
		F63A59251AA7E7E5006FF4F6 /* FMDatabasePool.m in Sources */ = {isa = PBXBuildFile; fileRef = F63A591D1AA7E7E5006FF4F6 /* FMDatabasePool.m */; };
		F63A59261AA7E7E5006FF4F6 /* FMDatabaseQueue.m in Sources */ = {isa = PBXBuildFile; fileRef = F63A591F1AA7E7E5006FF4F6 /* FMDatabaseQueue.m */; };
		F63A59271AA7E7E5006FF4F6 /* FMResultSet.m in Sources */ = {isa = PBXBuildFile; fileRef = F63A59221AA7E7E5006FF4F6 /* FMResultSet.m */; };
		F63A592A1AA7E817006FF4F6 /* libsqlite3.0.dylib in Frameworks */ = {isa = PBXBuildFile; fileRef = F63A59291AA7E817006FF4F6 /* libsqlite3.0.dylib */; };
		F63A592D1AA7E84F006FF4F6 /* YTKKeyValueStore.m in Sources */ = {isa = PBXBuildFile; fileRef = F63A592C1AA7E84F006FF4F6 /* YTKKeyValueStore.m */; };
		F63A59301AA7EE58006FF4F6 /* UIImageView+iTool.m in Sources */ = {isa = PBXBuildFile; fileRef = F63A592F1AA7EE58006FF4F6 /* UIImageView+iTool.m */; };
		F63A595A1AA7F632006FF4F6 /* AFDownloadRequestOperation.m in Sources */ = {isa = PBXBuildFile; fileRef = F63A59341AA7F632006FF4F6 /* AFDownloadRequestOperation.m */; };
		F63A595B1AA7F632006FF4F6 /* AFHTTPRequestOperation.m in Sources */ = {isa = PBXBuildFile; fileRef = F63A59361AA7F632006FF4F6 /* AFHTTPRequestOperation.m */; };
		F63A595C1AA7F632006FF4F6 /* AFHTTPRequestOperationManager.m in Sources */ = {isa = PBXBuildFile; fileRef = F63A59381AA7F632006FF4F6 /* AFHTTPRequestOperationManager.m */; };
		F63A595D1AA7F632006FF4F6 /* AFHTTPSessionManager.m in Sources */ = {isa = PBXBuildFile; fileRef = F63A593A1AA7F632006FF4F6 /* AFHTTPSessionManager.m */; };
		F63A595E1AA7F632006FF4F6 /* AFNetworkReachabilityManager.m in Sources */ = {isa = PBXBuildFile; fileRef = F63A593D1AA7F632006FF4F6 /* AFNetworkReachabilityManager.m */; };
		F63A595F1AA7F632006FF4F6 /* AFSecurityPolicy.m in Sources */ = {isa = PBXBuildFile; fileRef = F63A593F1AA7F632006FF4F6 /* AFSecurityPolicy.m */; };
		F63A59601AA7F632006FF4F6 /* AFURLConnectionOperation.m in Sources */ = {isa = PBXBuildFile; fileRef = F63A59411AA7F632006FF4F6 /* AFURLConnectionOperation.m */; };
		F63A59611AA7F632006FF4F6 /* AFURLRequestSerialization.m in Sources */ = {isa = PBXBuildFile; fileRef = F63A59431AA7F632006FF4F6 /* AFURLRequestSerialization.m */; };
		F63A59621AA7F632006FF4F6 /* AFURLResponseSerialization.m in Sources */ = {isa = PBXBuildFile; fileRef = F63A59451AA7F632006FF4F6 /* AFURLResponseSerialization.m */; };
		F63A59631AA7F632006FF4F6 /* AFURLSessionManager.m in Sources */ = {isa = PBXBuildFile; fileRef = F63A59471AA7F632006FF4F6 /* AFURLSessionManager.m */; };
		F63A59641AA7F632006FF4F6 /* AFNetworkActivityIndicatorManager.m in Sources */ = {isa = PBXBuildFile; fileRef = F63A594A1AA7F632006FF4F6 /* AFNetworkActivityIndicatorManager.m */; };
		F63A59651AA7F632006FF4F6 /* UIActivityIndicatorView+AFNetworking.m in Sources */ = {isa = PBXBuildFile; fileRef = F63A594C1AA7F632006FF4F6 /* UIActivityIndicatorView+AFNetworking.m */; };
		F63A59661AA7F632006FF4F6 /* UIAlertView+AFNetworking.m in Sources */ = {isa = PBXBuildFile; fileRef = F63A594E1AA7F632006FF4F6 /* UIAlertView+AFNetworking.m */; };
		F63A59671AA7F632006FF4F6 /* UIButton+AFNetworking.m in Sources */ = {isa = PBXBuildFile; fileRef = F63A59501AA7F632006FF4F6 /* UIButton+AFNetworking.m */; };
		F63A59681AA7F632006FF4F6 /* UIImageView+AFNetworking.m in Sources */ = {isa = PBXBuildFile; fileRef = F63A59521AA7F632006FF4F6 /* UIImageView+AFNetworking.m */; };
		F63A59691AA7F632006FF4F6 /* UIProgressView+AFNetworking.m in Sources */ = {isa = PBXBuildFile; fileRef = F63A59551AA7F632006FF4F6 /* UIProgressView+AFNetworking.m */; };
		F63A596A1AA7F632006FF4F6 /* UIRefreshControl+AFNetworking.m in Sources */ = {isa = PBXBuildFile; fileRef = F63A59571AA7F632006FF4F6 /* UIRefreshControl+AFNetworking.m */; };
		F63A596B1AA7F632006FF4F6 /* UIWebView+AFNetworking.m in Sources */ = {isa = PBXBuildFile; fileRef = F63A59591AA7F632006FF4F6 /* UIWebView+AFNetworking.m */; };
		F63A59801AA7F694006FF4F6 /* YTKBaseRequest.m in Sources */ = {isa = PBXBuildFile; fileRef = F63A596F1AA7F694006FF4F6 /* YTKBaseRequest.m */; };
		F63A59811AA7F694006FF4F6 /* YTKBatchRequest.m in Sources */ = {isa = PBXBuildFile; fileRef = F63A59711AA7F694006FF4F6 /* YTKBatchRequest.m */; };
		F63A59821AA7F694006FF4F6 /* YTKBatchRequestAgent.m in Sources */ = {isa = PBXBuildFile; fileRef = F63A59731AA7F694006FF4F6 /* YTKBatchRequestAgent.m */; };
		F63A59831AA7F694006FF4F6 /* YTKChainRequest.m in Sources */ = {isa = PBXBuildFile; fileRef = F63A59751AA7F694006FF4F6 /* YTKChainRequest.m */; };
		F63A59841AA7F694006FF4F6 /* YTKChainRequestAgent.m in Sources */ = {isa = PBXBuildFile; fileRef = F63A59771AA7F694006FF4F6 /* YTKChainRequestAgent.m */; };
		F63A59851AA7F694006FF4F6 /* YTKNetworkAgent.m in Sources */ = {isa = PBXBuildFile; fileRef = F63A59791AA7F694006FF4F6 /* YTKNetworkAgent.m */; };
		F63A59861AA7F694006FF4F6 /* YTKNetworkConfig.m in Sources */ = {isa = PBXBuildFile; fileRef = F63A597B1AA7F694006FF4F6 /* YTKNetworkConfig.m */; };
		F63A59871AA7F694006FF4F6 /* YTKNetworkPrivate.m in Sources */ = {isa = PBXBuildFile; fileRef = F63A597D1AA7F694006FF4F6 /* YTKNetworkPrivate.m */; };
		F63A59881AA7F694006FF4F6 /* YTKRequest.m in Sources */ = {isa = PBXBuildFile; fileRef = F63A597F1AA7F694006FF4F6 /* YTKRequest.m */; };
		F6483D2E1A91D57A00708E81 /* UIBarButtonItem+iTool.m in Sources */ = {isa = PBXBuildFile; fileRef = F6483D2D1A91D57A00708E81 /* UIBarButtonItem+iTool.m */; };
		F65A44A11A899C93001E3E4A /* NSDictionary+iTool.m in Sources */ = {isa = PBXBuildFile; fileRef = F65A44A01A899C93001E3E4A /* NSDictionary+iTool.m */; };
		F65A44A41A89A87B001E3E4A /* UIWindow+iTool.m in Sources */ = {isa = PBXBuildFile; fileRef = F65A44A31A89A87B001E3E4A /* UIWindow+iTool.m */; };
		F65A44A61A89AD0B001E3E4A /* success@3x.png in Resources */ = {isa = PBXBuildFile; fileRef = F65A44A51A89AD0B001E3E4A /* success@3x.png */; };
		F65A44A91A89C59A001E3E4A /* iTBLog.m in Sources */ = {isa = PBXBuildFile; fileRef = F65A44A81A89C59A001E3E4A /* iTBLog.m */; };
		F65C94AE1AFB5CB200E5BA86 /* NSMutableDictionary+iTool.m in Sources */ = {isa = PBXBuildFile; fileRef = F65C94AD1AFB5CB200E5BA86 /* NSMutableDictionary+iTool.m */; };
		F686F1611A81BD69006697CC /* UIColor+iTool.m in Sources */ = {isa = PBXBuildFile; fileRef = F686F1601A81BD69006697CC /* UIColor+iTool.m */; };
		F686F1641A81C667006697CC /* UIView+Positioning.m in Sources */ = {isa = PBXBuildFile; fileRef = F686F1631A81C667006697CC /* UIView+Positioning.m */; };
/* End PBXBuildFile section */

/* Begin PBXContainerItemProxy section */
		F635A8AB1A5E24DF0073900E /* PBXContainerItemProxy */ = {
			isa = PBXContainerItemProxy;
			containerPortal = F635A8891A5E24DF0073900E /* Project object */;
			proxyType = 1;
			remoteGlobalIDString = F635A8901A5E24DF0073900E;
			remoteInfo = iToolBox;
		};
/* End PBXContainerItemProxy section */

/* Begin PBXFileReference section */
		F62A540F1A6CA8EB0015FFC9 /* NSArray+iTool.h */ = {isa = PBXFileReference; fileEncoding = 4; lastKnownFileType = sourcecode.c.h; path = "NSArray+iTool.h"; sourceTree = "<group>"; };
		F62A54101A6CA8EB0015FFC9 /* NSArray+iTool.m */ = {isa = PBXFileReference; fileEncoding = 4; lastKnownFileType = sourcecode.c.objc; path = "NSArray+iTool.m"; sourceTree = "<group>"; };
		F62A54111A6CA8EB0015FFC9 /* NSData+iTool.h */ = {isa = PBXFileReference; fileEncoding = 4; lastKnownFileType = sourcecode.c.h; path = "NSData+iTool.h"; sourceTree = "<group>"; };
		F62A54121A6CA8EB0015FFC9 /* NSData+iTool.m */ = {isa = PBXFileReference; fileEncoding = 4; lastKnownFileType = sourcecode.c.objc; path = "NSData+iTool.m"; sourceTree = "<group>"; };
		F62A54131A6CA8EB0015FFC9 /* NSMutableArray+iTool.h */ = {isa = PBXFileReference; fileEncoding = 4; lastKnownFileType = sourcecode.c.h; path = "NSMutableArray+iTool.h"; sourceTree = "<group>"; };
		F62A54141A6CA8EB0015FFC9 /* NSMutableArray+iTool.m */ = {isa = PBXFileReference; fileEncoding = 4; lastKnownFileType = sourcecode.c.objc; path = "NSMutableArray+iTool.m"; sourceTree = "<group>"; };
		F62A54151A6CA8EB0015FFC9 /* NSString+iTool.h */ = {isa = PBXFileReference; fileEncoding = 4; lastKnownFileType = sourcecode.c.h; path = "NSString+iTool.h"; sourceTree = "<group>"; };
		F62A54161A6CA8EB0015FFC9 /* NSString+iTool.m */ = {isa = PBXFileReference; fileEncoding = 4; lastKnownFileType = sourcecode.c.objc; path = "NSString+iTool.m"; sourceTree = "<group>"; };
		F62A54171A6CA8EB0015FFC9 /* iTBDeviceInfo.h */ = {isa = PBXFileReference; fileEncoding = 4; lastKnownFileType = sourcecode.c.h; path = iTBDeviceInfo.h; sourceTree = "<group>"; };
		F62A54181A6CA8EB0015FFC9 /* iTBDeviceInfo.m */ = {isa = PBXFileReference; fileEncoding = 4; lastKnownFileType = sourcecode.c.objc; path = iTBDeviceInfo.m; sourceTree = "<group>"; };
		F62A54191A6CA8EB0015FFC9 /* iTBFoundation.h */ = {isa = PBXFileReference; fileEncoding = 4; lastKnownFileType = sourcecode.c.h; path = iTBFoundation.h; sourceTree = "<group>"; };
		F62A541A1A6CA8EB0015FFC9 /* iTBFoundation.m */ = {isa = PBXFileReference; fileEncoding = 4; lastKnownFileType = sourcecode.c.objc; path = iTBFoundation.m; sourceTree = "<group>"; };
		F62A541B1A6CA8EB0015FFC9 /* iTBSandBox.h */ = {isa = PBXFileReference; fileEncoding = 4; lastKnownFileType = sourcecode.c.h; path = iTBSandBox.h; sourceTree = "<group>"; };
		F62A541C1A6CA8EB0015FFC9 /* iTBSandBox.m */ = {isa = PBXFileReference; fileEncoding = 4; lastKnownFileType = sourcecode.c.objc; path = iTBSandBox.m; sourceTree = "<group>"; };
		F62A541D1A6CA8EB0015FFC9 /* iTBSingleton.h */ = {isa = PBXFileReference; fileEncoding = 4; lastKnownFileType = sourcecode.c.h; path = iTBSingleton.h; sourceTree = "<group>"; };
		F62A541E1A6CA8EB0015FFC9 /* iTBSingleton.m */ = {isa = PBXFileReference; fileEncoding = 4; lastKnownFileType = sourcecode.c.objc; path = iTBSingleton.m; sourceTree = "<group>"; };
		F62A541F1A6CA8EB0015FFC9 /* iTBSystemInfo.h */ = {isa = PBXFileReference; fileEncoding = 4; lastKnownFileType = sourcecode.c.h; path = iTBSystemInfo.h; sourceTree = "<group>"; };
		F62A54201A6CA8EB0015FFC9 /* iTBSystemInfo.m */ = {isa = PBXFileReference; fileEncoding = 4; lastKnownFileType = sourcecode.c.objc; path = iTBSystemInfo.m; sourceTree = "<group>"; };
		F62A54231A6CA8EB0015FFC9 /* UIButton+iTool.h */ = {isa = PBXFileReference; fileEncoding = 4; lastKnownFileType = sourcecode.c.h; path = "UIButton+iTool.h"; sourceTree = "<group>"; };
		F62A54241A6CA8EB0015FFC9 /* UIButton+iTool.m */ = {isa = PBXFileReference; fileEncoding = 4; lastKnownFileType = sourcecode.c.objc; path = "UIButton+iTool.m"; sourceTree = "<group>"; };
		F62A54251A6CA8EB0015FFC9 /* UIImage+iTool.h */ = {isa = PBXFileReference; fileEncoding = 4; lastKnownFileType = sourcecode.c.h; path = "UIImage+iTool.h"; sourceTree = "<group>"; };
		F62A54261A6CA8EB0015FFC9 /* UIImage+iTool.m */ = {isa = PBXFileReference; fileEncoding = 4; lastKnownFileType = sourcecode.c.objc; path = "UIImage+iTool.m"; sourceTree = "<group>"; };
		F62A542A1A6CA8EB0015FFC9 /* JSONModel.h */ = {isa = PBXFileReference; fileEncoding = 4; lastKnownFileType = sourcecode.c.h; path = JSONModel.h; sourceTree = "<group>"; };
		F62A542B1A6CA8EB0015FFC9 /* JSONModel.m */ = {isa = PBXFileReference; fileEncoding = 4; lastKnownFileType = sourcecode.c.objc; path = JSONModel.m; sourceTree = "<group>"; };
		F62A542C1A6CA8EB0015FFC9 /* JSONModelArray.h */ = {isa = PBXFileReference; fileEncoding = 4; lastKnownFileType = sourcecode.c.h; path = JSONModelArray.h; sourceTree = "<group>"; };
		F62A542D1A6CA8EB0015FFC9 /* JSONModelArray.m */ = {isa = PBXFileReference; fileEncoding = 4; lastKnownFileType = sourcecode.c.objc; path = JSONModelArray.m; sourceTree = "<group>"; };
		F62A542E1A6CA8EB0015FFC9 /* JSONModelClassProperty.h */ = {isa = PBXFileReference; fileEncoding = 4; lastKnownFileType = sourcecode.c.h; path = JSONModelClassProperty.h; sourceTree = "<group>"; };
		F62A542F1A6CA8EB0015FFC9 /* JSONModelClassProperty.m */ = {isa = PBXFileReference; fileEncoding = 4; lastKnownFileType = sourcecode.c.objc; path = JSONModelClassProperty.m; sourceTree = "<group>"; };
		F62A54301A6CA8EB0015FFC9 /* JSONModelError.h */ = {isa = PBXFileReference; fileEncoding = 4; lastKnownFileType = sourcecode.c.h; path = JSONModelError.h; sourceTree = "<group>"; };
		F62A54311A6CA8EB0015FFC9 /* JSONModelError.m */ = {isa = PBXFileReference; fileEncoding = 4; lastKnownFileType = sourcecode.c.objc; path = JSONModelError.m; sourceTree = "<group>"; };
		F62A54331A6CA8EB0015FFC9 /* NSArray+JSONModel.h */ = {isa = PBXFileReference; fileEncoding = 4; lastKnownFileType = sourcecode.c.h; path = "NSArray+JSONModel.h"; sourceTree = "<group>"; };
		F62A54341A6CA8EB0015FFC9 /* NSArray+JSONModel.m */ = {isa = PBXFileReference; fileEncoding = 4; lastKnownFileType = sourcecode.c.objc; path = "NSArray+JSONModel.m"; sourceTree = "<group>"; };
		F62A54351A6CA8EB0015FFC9 /* JSONModelLib.h */ = {isa = PBXFileReference; fileEncoding = 4; lastKnownFileType = sourcecode.c.h; path = JSONModelLib.h; sourceTree = "<group>"; };
		F62A54371A6CA8EB0015FFC9 /* JSONAPI.h */ = {isa = PBXFileReference; fileEncoding = 4; lastKnownFileType = sourcecode.c.h; path = JSONAPI.h; sourceTree = "<group>"; };
		F62A54381A6CA8EB0015FFC9 /* JSONAPI.m */ = {isa = PBXFileReference; fileEncoding = 4; lastKnownFileType = sourcecode.c.objc; path = JSONAPI.m; sourceTree = "<group>"; };
		F62A54391A6CA8EB0015FFC9 /* JSONHTTPClient.h */ = {isa = PBXFileReference; fileEncoding = 4; lastKnownFileType = sourcecode.c.h; path = JSONHTTPClient.h; sourceTree = "<group>"; };
		F62A543A1A6CA8EB0015FFC9 /* JSONHTTPClient.m */ = {isa = PBXFileReference; fileEncoding = 4; lastKnownFileType = sourcecode.c.objc; path = JSONHTTPClient.m; sourceTree = "<group>"; };
		F62A543B1A6CA8EB0015FFC9 /* JSONModel+networking.h */ = {isa = PBXFileReference; fileEncoding = 4; lastKnownFileType = sourcecode.c.h; path = "JSONModel+networking.h"; sourceTree = "<group>"; };
		F62A543C1A6CA8EB0015FFC9 /* JSONModel+networking.m */ = {isa = PBXFileReference; fileEncoding = 4; lastKnownFileType = sourcecode.c.objc; path = "JSONModel+networking.m"; sourceTree = "<group>"; };
		F62A543E1A6CA8EB0015FFC9 /* JSONKeyMapper.h */ = {isa = PBXFileReference; fileEncoding = 4; lastKnownFileType = sourcecode.c.h; path = JSONKeyMapper.h; sourceTree = "<group>"; };
		F62A543F1A6CA8EB0015FFC9 /* JSONKeyMapper.m */ = {isa = PBXFileReference; fileEncoding = 4; lastKnownFileType = sourcecode.c.objc; path = JSONKeyMapper.m; sourceTree = "<group>"; };
		F62A54401A6CA8EB0015FFC9 /* JSONValueTransformer.h */ = {isa = PBXFileReference; fileEncoding = 4; lastKnownFileType = sourcecode.c.h; path = JSONValueTransformer.h; sourceTree = "<group>"; };
		F62A54411A6CA8EB0015FFC9 /* JSONValueTransformer.m */ = {isa = PBXFileReference; fileEncoding = 4; lastKnownFileType = sourcecode.c.objc; path = JSONValueTransformer.m; sourceTree = "<group>"; };
		F62A54431A6CA8EB0015FFC9 /* SVIndefiniteAnimatedView.h */ = {isa = PBXFileReference; fileEncoding = 4; lastKnownFileType = sourcecode.c.h; path = SVIndefiniteAnimatedView.h; sourceTree = "<group>"; };
		F62A54441A6CA8EB0015FFC9 /* SVIndefiniteAnimatedView.m */ = {isa = PBXFileReference; fileEncoding = 4; lastKnownFileType = sourcecode.c.objc; path = SVIndefiniteAnimatedView.m; sourceTree = "<group>"; };
		F62A54451A6CA8EB0015FFC9 /* SVProgressHUD-Prefix.pch */ = {isa = PBXFileReference; fileEncoding = 4; lastKnownFileType = sourcecode.c.h; path = "SVProgressHUD-Prefix.pch"; sourceTree = "<group>"; };
		F62A54461A6CA8EB0015FFC9 /* SVProgressHUD.bundle */ = {isa = PBXFileReference; lastKnownFileType = "wrapper.plug-in"; path = SVProgressHUD.bundle; sourceTree = "<group>"; };
		F62A54471A6CA8EB0015FFC9 /* SVProgressHUD.h */ = {isa = PBXFileReference; fileEncoding = 4; lastKnownFileType = sourcecode.c.h; path = SVProgressHUD.h; sourceTree = "<group>"; };
		F62A54481A6CA8EB0015FFC9 /* SVProgressHUD.m */ = {isa = PBXFileReference; fileEncoding = 4; lastKnownFileType = sourcecode.c.objc; path = SVProgressHUD.m; sourceTree = "<group>"; };
		F62A54611A6CA96F0015FFC9 /* UIView+iTool.h */ = {isa = PBXFileReference; fileEncoding = 4; lastKnownFileType = sourcecode.c.h; path = "UIView+iTool.h"; sourceTree = "<group>"; };
		F62A54621A6CA96F0015FFC9 /* UIView+iTool.m */ = {isa = PBXFileReference; fileEncoding = 4; lastKnownFileType = sourcecode.c.objc; path = "UIView+iTool.m"; sourceTree = "<group>"; };
		F635A8911A5E24DF0073900E /* iToolBox.app */ = {isa = PBXFileReference; explicitFileType = wrapper.application; includeInIndex = 0; path = iToolBox.app; sourceTree = BUILT_PRODUCTS_DIR; };
		F635A8951A5E24DF0073900E /* Info.plist */ = {isa = PBXFileReference; lastKnownFileType = text.plist.xml; path = Info.plist; sourceTree = "<group>"; };
		F635A8961A5E24DF0073900E /* main.m */ = {isa = PBXFileReference; lastKnownFileType = sourcecode.c.objc; path = main.m; sourceTree = "<group>"; };
		F635A8981A5E24DF0073900E /* AppDelegate.h */ = {isa = PBXFileReference; lastKnownFileType = sourcecode.c.h; path = AppDelegate.h; sourceTree = "<group>"; };
		F635A8991A5E24DF0073900E /* AppDelegate.m */ = {isa = PBXFileReference; lastKnownFileType = sourcecode.c.objc; path = AppDelegate.m; sourceTree = "<group>"; };
		F635A89B1A5E24DF0073900E /* ViewController.h */ = {isa = PBXFileReference; lastKnownFileType = sourcecode.c.h; path = ViewController.h; sourceTree = "<group>"; };
		F635A89C1A5E24DF0073900E /* ViewController.m */ = {isa = PBXFileReference; lastKnownFileType = sourcecode.c.objc; path = ViewController.m; sourceTree = "<group>"; };
		F635A89F1A5E24DF0073900E /* Base */ = {isa = PBXFileReference; lastKnownFileType = file.storyboard; name = Base; path = Base.lproj/Main.storyboard; sourceTree = "<group>"; };
		F635A8A11A5E24DF0073900E /* Images.xcassets */ = {isa = PBXFileReference; lastKnownFileType = folder.assetcatalog; path = Images.xcassets; sourceTree = "<group>"; };
		F635A8A41A5E24DF0073900E /* Base */ = {isa = PBXFileReference; lastKnownFileType = file.xib; name = Base; path = Base.lproj/LaunchScreen.xib; sourceTree = "<group>"; };
		F635A8AA1A5E24DF0073900E /* iToolBoxTests.xctest */ = {isa = PBXFileReference; explicitFileType = wrapper.cfbundle; includeInIndex = 0; path = iToolBoxTests.xctest; sourceTree = BUILT_PRODUCTS_DIR; };
		F635A8AF1A5E24DF0073900E /* Info.plist */ = {isa = PBXFileReference; lastKnownFileType = text.plist.xml; path = Info.plist; sourceTree = "<group>"; };
		F635A8B01A5E24DF0073900E /* iToolBoxTests.m */ = {isa = PBXFileReference; lastKnownFileType = sourcecode.c.objc; path = iToolBoxTests.m; sourceTree = "<group>"; };
		F63A59181AA7E7E5006FF4F6 /* FMDatabase.h */ = {isa = PBXFileReference; fileEncoding = 4; lastKnownFileType = sourcecode.c.h; path = FMDatabase.h; sourceTree = "<group>"; };
		F63A59191AA7E7E5006FF4F6 /* FMDatabase.m */ = {isa = PBXFileReference; fileEncoding = 4; lastKnownFileType = sourcecode.c.objc; path = FMDatabase.m; sourceTree = "<group>"; };
		F63A591A1AA7E7E5006FF4F6 /* FMDatabaseAdditions.h */ = {isa = PBXFileReference; fileEncoding = 4; lastKnownFileType = sourcecode.c.h; path = FMDatabaseAdditions.h; sourceTree = "<group>"; };
		F63A591B1AA7E7E5006FF4F6 /* FMDatabaseAdditions.m */ = {isa = PBXFileReference; fileEncoding = 4; lastKnownFileType = sourcecode.c.objc; path = FMDatabaseAdditions.m; sourceTree = "<group>"; };
		F63A591C1AA7E7E5006FF4F6 /* FMDatabasePool.h */ = {isa = PBXFileReference; fileEncoding = 4; lastKnownFileType = sourcecode.c.h; path = FMDatabasePool.h; sourceTree = "<group>"; };
		F63A591D1AA7E7E5006FF4F6 /* FMDatabasePool.m */ = {isa = PBXFileReference; fileEncoding = 4; lastKnownFileType = sourcecode.c.objc; path = FMDatabasePool.m; sourceTree = "<group>"; };
		F63A591E1AA7E7E5006FF4F6 /* FMDatabaseQueue.h */ = {isa = PBXFileReference; fileEncoding = 4; lastKnownFileType = sourcecode.c.h; path = FMDatabaseQueue.h; sourceTree = "<group>"; };
		F63A591F1AA7E7E5006FF4F6 /* FMDatabaseQueue.m */ = {isa = PBXFileReference; fileEncoding = 4; lastKnownFileType = sourcecode.c.objc; path = FMDatabaseQueue.m; sourceTree = "<group>"; };
		F63A59201AA7E7E5006FF4F6 /* FMDB.h */ = {isa = PBXFileReference; fileEncoding = 4; lastKnownFileType = sourcecode.c.h; path = FMDB.h; sourceTree = "<group>"; };
		F63A59211AA7E7E5006FF4F6 /* FMResultSet.h */ = {isa = PBXFileReference; fileEncoding = 4; lastKnownFileType = sourcecode.c.h; path = FMResultSet.h; sourceTree = "<group>"; };
		F63A59221AA7E7E5006FF4F6 /* FMResultSet.m */ = {isa = PBXFileReference; fileEncoding = 4; lastKnownFileType = sourcecode.c.objc; path = FMResultSet.m; sourceTree = "<group>"; };
		F63A59291AA7E817006FF4F6 /* libsqlite3.0.dylib */ = {isa = PBXFileReference; lastKnownFileType = "compiled.mach-o.dylib"; name = libsqlite3.0.dylib; path = usr/lib/libsqlite3.0.dylib; sourceTree = SDKROOT; };
		F63A592B1AA7E84F006FF4F6 /* YTKKeyValueStore.h */ = {isa = PBXFileReference; fileEncoding = 4; lastKnownFileType = sourcecode.c.h; path = YTKKeyValueStore.h; sourceTree = "<group>"; };
		F63A592C1AA7E84F006FF4F6 /* YTKKeyValueStore.m */ = {isa = PBXFileReference; fileEncoding = 4; lastKnownFileType = sourcecode.c.objc; path = YTKKeyValueStore.m; sourceTree = "<group>"; };
		F63A592E1AA7EE58006FF4F6 /* UIImageView+iTool.h */ = {isa = PBXFileReference; fileEncoding = 4; lastKnownFileType = sourcecode.c.h; path = "UIImageView+iTool.h"; sourceTree = "<group>"; };
		F63A592F1AA7EE58006FF4F6 /* UIImageView+iTool.m */ = {isa = PBXFileReference; fileEncoding = 4; lastKnownFileType = sourcecode.c.objc; path = "UIImageView+iTool.m"; sourceTree = "<group>"; };
		F63A59331AA7F632006FF4F6 /* AFDownloadRequestOperation.h */ = {isa = PBXFileReference; fileEncoding = 4; lastKnownFileType = sourcecode.c.h; path = AFDownloadRequestOperation.h; sourceTree = "<group>"; };
		F63A59341AA7F632006FF4F6 /* AFDownloadRequestOperation.m */ = {isa = PBXFileReference; fileEncoding = 4; lastKnownFileType = sourcecode.c.objc; path = AFDownloadRequestOperation.m; sourceTree = "<group>"; };
		F63A59351AA7F632006FF4F6 /* AFHTTPRequestOperation.h */ = {isa = PBXFileReference; fileEncoding = 4; lastKnownFileType = sourcecode.c.h; path = AFHTTPRequestOperation.h; sourceTree = "<group>"; };
		F63A59361AA7F632006FF4F6 /* AFHTTPRequestOperation.m */ = {isa = PBXFileReference; fileEncoding = 4; lastKnownFileType = sourcecode.c.objc; path = AFHTTPRequestOperation.m; sourceTree = "<group>"; };
		F63A59371AA7F632006FF4F6 /* AFHTTPRequestOperationManager.h */ = {isa = PBXFileReference; fileEncoding = 4; lastKnownFileType = sourcecode.c.h; path = AFHTTPRequestOperationManager.h; sourceTree = "<group>"; };
		F63A59381AA7F632006FF4F6 /* AFHTTPRequestOperationManager.m */ = {isa = PBXFileReference; fileEncoding = 4; lastKnownFileType = sourcecode.c.objc; path = AFHTTPRequestOperationManager.m; sourceTree = "<group>"; };
		F63A59391AA7F632006FF4F6 /* AFHTTPSessionManager.h */ = {isa = PBXFileReference; fileEncoding = 4; lastKnownFileType = sourcecode.c.h; path = AFHTTPSessionManager.h; sourceTree = "<group>"; };
		F63A593A1AA7F632006FF4F6 /* AFHTTPSessionManager.m */ = {isa = PBXFileReference; fileEncoding = 4; lastKnownFileType = sourcecode.c.objc; path = AFHTTPSessionManager.m; sourceTree = "<group>"; };
		F63A593B1AA7F632006FF4F6 /* AFNetworking.h */ = {isa = PBXFileReference; fileEncoding = 4; lastKnownFileType = sourcecode.c.h; path = AFNetworking.h; sourceTree = "<group>"; };
		F63A593C1AA7F632006FF4F6 /* AFNetworkReachabilityManager.h */ = {isa = PBXFileReference; fileEncoding = 4; lastKnownFileType = sourcecode.c.h; path = AFNetworkReachabilityManager.h; sourceTree = "<group>"; };
		F63A593D1AA7F632006FF4F6 /* AFNetworkReachabilityManager.m */ = {isa = PBXFileReference; fileEncoding = 4; lastKnownFileType = sourcecode.c.objc; path = AFNetworkReachabilityManager.m; sourceTree = "<group>"; };
		F63A593E1AA7F632006FF4F6 /* AFSecurityPolicy.h */ = {isa = PBXFileReference; fileEncoding = 4; lastKnownFileType = sourcecode.c.h; path = AFSecurityPolicy.h; sourceTree = "<group>"; };
		F63A593F1AA7F632006FF4F6 /* AFSecurityPolicy.m */ = {isa = PBXFileReference; fileEncoding = 4; lastKnownFileType = sourcecode.c.objc; path = AFSecurityPolicy.m; sourceTree = "<group>"; };
		F63A59401AA7F632006FF4F6 /* AFURLConnectionOperation.h */ = {isa = PBXFileReference; fileEncoding = 4; lastKnownFileType = sourcecode.c.h; path = AFURLConnectionOperation.h; sourceTree = "<group>"; };
		F63A59411AA7F632006FF4F6 /* AFURLConnectionOperation.m */ = {isa = PBXFileReference; fileEncoding = 4; lastKnownFileType = sourcecode.c.objc; path = AFURLConnectionOperation.m; sourceTree = "<group>"; };
		F63A59421AA7F632006FF4F6 /* AFURLRequestSerialization.h */ = {isa = PBXFileReference; fileEncoding = 4; lastKnownFileType = sourcecode.c.h; path = AFURLRequestSerialization.h; sourceTree = "<group>"; };
		F63A59431AA7F632006FF4F6 /* AFURLRequestSerialization.m */ = {isa = PBXFileReference; fileEncoding = 4; lastKnownFileType = sourcecode.c.objc; path = AFURLRequestSerialization.m; sourceTree = "<group>"; };
		F63A59441AA7F632006FF4F6 /* AFURLResponseSerialization.h */ = {isa = PBXFileReference; fileEncoding = 4; lastKnownFileType = sourcecode.c.h; path = AFURLResponseSerialization.h; sourceTree = "<group>"; };
		F63A59451AA7F632006FF4F6 /* AFURLResponseSerialization.m */ = {isa = PBXFileReference; fileEncoding = 4; lastKnownFileType = sourcecode.c.objc; path = AFURLResponseSerialization.m; sourceTree = "<group>"; };
		F63A59461AA7F632006FF4F6 /* AFURLSessionManager.h */ = {isa = PBXFileReference; fileEncoding = 4; lastKnownFileType = sourcecode.c.h; path = AFURLSessionManager.h; sourceTree = "<group>"; };
		F63A59471AA7F632006FF4F6 /* AFURLSessionManager.m */ = {isa = PBXFileReference; fileEncoding = 4; lastKnownFileType = sourcecode.c.objc; path = AFURLSessionManager.m; sourceTree = "<group>"; };
		F63A59491AA7F632006FF4F6 /* AFNetworkActivityIndicatorManager.h */ = {isa = PBXFileReference; fileEncoding = 4; lastKnownFileType = sourcecode.c.h; path = AFNetworkActivityIndicatorManager.h; sourceTree = "<group>"; };
		F63A594A1AA7F632006FF4F6 /* AFNetworkActivityIndicatorManager.m */ = {isa = PBXFileReference; fileEncoding = 4; lastKnownFileType = sourcecode.c.objc; path = AFNetworkActivityIndicatorManager.m; sourceTree = "<group>"; };
		F63A594B1AA7F632006FF4F6 /* UIActivityIndicatorView+AFNetworking.h */ = {isa = PBXFileReference; fileEncoding = 4; lastKnownFileType = sourcecode.c.h; path = "UIActivityIndicatorView+AFNetworking.h"; sourceTree = "<group>"; };
		F63A594C1AA7F632006FF4F6 /* UIActivityIndicatorView+AFNetworking.m */ = {isa = PBXFileReference; fileEncoding = 4; lastKnownFileType = sourcecode.c.objc; path = "UIActivityIndicatorView+AFNetworking.m"; sourceTree = "<group>"; };
		F63A594D1AA7F632006FF4F6 /* UIAlertView+AFNetworking.h */ = {isa = PBXFileReference; fileEncoding = 4; lastKnownFileType = sourcecode.c.h; path = "UIAlertView+AFNetworking.h"; sourceTree = "<group>"; };
		F63A594E1AA7F632006FF4F6 /* UIAlertView+AFNetworking.m */ = {isa = PBXFileReference; fileEncoding = 4; lastKnownFileType = sourcecode.c.objc; path = "UIAlertView+AFNetworking.m"; sourceTree = "<group>"; };
		F63A594F1AA7F632006FF4F6 /* UIButton+AFNetworking.h */ = {isa = PBXFileReference; fileEncoding = 4; lastKnownFileType = sourcecode.c.h; path = "UIButton+AFNetworking.h"; sourceTree = "<group>"; };
		F63A59501AA7F632006FF4F6 /* UIButton+AFNetworking.m */ = {isa = PBXFileReference; fileEncoding = 4; lastKnownFileType = sourcecode.c.objc; path = "UIButton+AFNetworking.m"; sourceTree = "<group>"; };
		F63A59511AA7F632006FF4F6 /* UIImageView+AFNetworking.h */ = {isa = PBXFileReference; fileEncoding = 4; lastKnownFileType = sourcecode.c.h; path = "UIImageView+AFNetworking.h"; sourceTree = "<group>"; };
		F63A59521AA7F632006FF4F6 /* UIImageView+AFNetworking.m */ = {isa = PBXFileReference; fileEncoding = 4; lastKnownFileType = sourcecode.c.objc; path = "UIImageView+AFNetworking.m"; sourceTree = "<group>"; };
		F63A59531AA7F632006FF4F6 /* UIKit+AFNetworking.h */ = {isa = PBXFileReference; fileEncoding = 4; lastKnownFileType = sourcecode.c.h; path = "UIKit+AFNetworking.h"; sourceTree = "<group>"; };
		F63A59541AA7F632006FF4F6 /* UIProgressView+AFNetworking.h */ = {isa = PBXFileReference; fileEncoding = 4; lastKnownFileType = sourcecode.c.h; path = "UIProgressView+AFNetworking.h"; sourceTree = "<group>"; };
		F63A59551AA7F632006FF4F6 /* UIProgressView+AFNetworking.m */ = {isa = PBXFileReference; fileEncoding = 4; lastKnownFileType = sourcecode.c.objc; path = "UIProgressView+AFNetworking.m"; sourceTree = "<group>"; };
		F63A59561AA7F632006FF4F6 /* UIRefreshControl+AFNetworking.h */ = {isa = PBXFileReference; fileEncoding = 4; lastKnownFileType = sourcecode.c.h; path = "UIRefreshControl+AFNetworking.h"; sourceTree = "<group>"; };
		F63A59571AA7F632006FF4F6 /* UIRefreshControl+AFNetworking.m */ = {isa = PBXFileReference; fileEncoding = 4; lastKnownFileType = sourcecode.c.objc; path = "UIRefreshControl+AFNetworking.m"; sourceTree = "<group>"; };
		F63A59581AA7F632006FF4F6 /* UIWebView+AFNetworking.h */ = {isa = PBXFileReference; fileEncoding = 4; lastKnownFileType = sourcecode.c.h; path = "UIWebView+AFNetworking.h"; sourceTree = "<group>"; };
		F63A59591AA7F632006FF4F6 /* UIWebView+AFNetworking.m */ = {isa = PBXFileReference; fileEncoding = 4; lastKnownFileType = sourcecode.c.objc; path = "UIWebView+AFNetworking.m"; sourceTree = "<group>"; };
		F63A596E1AA7F694006FF4F6 /* YTKBaseRequest.h */ = {isa = PBXFileReference; fileEncoding = 4; lastKnownFileType = sourcecode.c.h; path = YTKBaseRequest.h; sourceTree = "<group>"; };
		F63A596F1AA7F694006FF4F6 /* YTKBaseRequest.m */ = {isa = PBXFileReference; fileEncoding = 4; lastKnownFileType = sourcecode.c.objc; path = YTKBaseRequest.m; sourceTree = "<group>"; };
		F63A59701AA7F694006FF4F6 /* YTKBatchRequest.h */ = {isa = PBXFileReference; fileEncoding = 4; lastKnownFileType = sourcecode.c.h; path = YTKBatchRequest.h; sourceTree = "<group>"; };
		F63A59711AA7F694006FF4F6 /* YTKBatchRequest.m */ = {isa = PBXFileReference; fileEncoding = 4; lastKnownFileType = sourcecode.c.objc; path = YTKBatchRequest.m; sourceTree = "<group>"; };
		F63A59721AA7F694006FF4F6 /* YTKBatchRequestAgent.h */ = {isa = PBXFileReference; fileEncoding = 4; lastKnownFileType = sourcecode.c.h; path = YTKBatchRequestAgent.h; sourceTree = "<group>"; };
		F63A59731AA7F694006FF4F6 /* YTKBatchRequestAgent.m */ = {isa = PBXFileReference; fileEncoding = 4; lastKnownFileType = sourcecode.c.objc; path = YTKBatchRequestAgent.m; sourceTree = "<group>"; };
		F63A59741AA7F694006FF4F6 /* YTKChainRequest.h */ = {isa = PBXFileReference; fileEncoding = 4; lastKnownFileType = sourcecode.c.h; path = YTKChainRequest.h; sourceTree = "<group>"; };
		F63A59751AA7F694006FF4F6 /* YTKChainRequest.m */ = {isa = PBXFileReference; fileEncoding = 4; lastKnownFileType = sourcecode.c.objc; path = YTKChainRequest.m; sourceTree = "<group>"; };
		F63A59761AA7F694006FF4F6 /* YTKChainRequestAgent.h */ = {isa = PBXFileReference; fileEncoding = 4; lastKnownFileType = sourcecode.c.h; path = YTKChainRequestAgent.h; sourceTree = "<group>"; };
		F63A59771AA7F694006FF4F6 /* YTKChainRequestAgent.m */ = {isa = PBXFileReference; fileEncoding = 4; lastKnownFileType = sourcecode.c.objc; path = YTKChainRequestAgent.m; sourceTree = "<group>"; };
		F63A59781AA7F694006FF4F6 /* YTKNetworkAgent.h */ = {isa = PBXFileReference; fileEncoding = 4; lastKnownFileType = sourcecode.c.h; path = YTKNetworkAgent.h; sourceTree = "<group>"; };
		F63A59791AA7F694006FF4F6 /* YTKNetworkAgent.m */ = {isa = PBXFileReference; fileEncoding = 4; lastKnownFileType = sourcecode.c.objc; path = YTKNetworkAgent.m; sourceTree = "<group>"; };
		F63A597A1AA7F694006FF4F6 /* YTKNetworkConfig.h */ = {isa = PBXFileReference; fileEncoding = 4; lastKnownFileType = sourcecode.c.h; path = YTKNetworkConfig.h; sourceTree = "<group>"; };
		F63A597B1AA7F694006FF4F6 /* YTKNetworkConfig.m */ = {isa = PBXFileReference; fileEncoding = 4; lastKnownFileType = sourcecode.c.objc; path = YTKNetworkConfig.m; sourceTree = "<group>"; };
		F63A597C1AA7F694006FF4F6 /* YTKNetworkPrivate.h */ = {isa = PBXFileReference; fileEncoding = 4; lastKnownFileType = sourcecode.c.h; path = YTKNetworkPrivate.h; sourceTree = "<group>"; };
		F63A597D1AA7F694006FF4F6 /* YTKNetworkPrivate.m */ = {isa = PBXFileReference; fileEncoding = 4; lastKnownFileType = sourcecode.c.objc; path = YTKNetworkPrivate.m; sourceTree = "<group>"; };
		F63A597E1AA7F694006FF4F6 /* YTKRequest.h */ = {isa = PBXFileReference; fileEncoding = 4; lastKnownFileType = sourcecode.c.h; path = YTKRequest.h; sourceTree = "<group>"; };
		F63A597F1AA7F694006FF4F6 /* YTKRequest.m */ = {isa = PBXFileReference; fileEncoding = 4; lastKnownFileType = sourcecode.c.objc; path = YTKRequest.m; sourceTree = "<group>"; };
		F6483D2C1A91D57A00708E81 /* UIBarButtonItem+iTool.h */ = {isa = PBXFileReference; fileEncoding = 4; lastKnownFileType = sourcecode.c.h; path = "UIBarButtonItem+iTool.h"; sourceTree = "<group>"; };
		F6483D2D1A91D57A00708E81 /* UIBarButtonItem+iTool.m */ = {isa = PBXFileReference; fileEncoding = 4; lastKnownFileType = sourcecode.c.objc; path = "UIBarButtonItem+iTool.m"; sourceTree = "<group>"; };
		F65A449C1A899AA2001E3E4A /* iToolKit.h */ = {isa = PBXFileReference; fileEncoding = 4; lastKnownFileType = sourcecode.c.h; path = iToolKit.h; sourceTree = "<group>"; };
		F65A449F1A899C93001E3E4A /* NSDictionary+iTool.h */ = {isa = PBXFileReference; fileEncoding = 4; lastKnownFileType = sourcecode.c.h; path = "NSDictionary+iTool.h"; sourceTree = "<group>"; };
		F65A44A01A899C93001E3E4A /* NSDictionary+iTool.m */ = {isa = PBXFileReference; fileEncoding = 4; lastKnownFileType = sourcecode.c.objc; path = "NSDictionary+iTool.m"; sourceTree = "<group>"; };
		F65A44A21A89A87B001E3E4A /* UIWindow+iTool.h */ = {isa = PBXFileReference; fileEncoding = 4; lastKnownFileType = sourcecode.c.h; path = "UIWindow+iTool.h"; sourceTree = "<group>"; };
		F65A44A31A89A87B001E3E4A /* UIWindow+iTool.m */ = {isa = PBXFileReference; fileEncoding = 4; lastKnownFileType = sourcecode.c.objc; path = "UIWindow+iTool.m"; sourceTree = "<group>"; };
		F65A44A51A89AD0B001E3E4A /* success@3x.png */ = {isa = PBXFileReference; lastKnownFileType = image.png; name = "success@3x.png"; path = "frameworks/Vendor/SVProgressHUD/SVProgressHUD.bundle/success@3x.png"; sourceTree = "<group>"; };
		F65A44A71A89C59A001E3E4A /* iTBLog.h */ = {isa = PBXFileReference; fileEncoding = 4; lastKnownFileType = sourcecode.c.h; path = iTBLog.h; sourceTree = "<group>"; };
		F65A44A81A89C59A001E3E4A /* iTBLog.m */ = {isa = PBXFileReference; fileEncoding = 4; lastKnownFileType = sourcecode.c.objc; path = iTBLog.m; sourceTree = "<group>"; };
		F65C94AC1AFB5CB200E5BA86 /* NSMutableDictionary+iTool.h */ = {isa = PBXFileReference; fileEncoding = 4; lastKnownFileType = sourcecode.c.h; path = "NSMutableDictionary+iTool.h"; sourceTree = "<group>"; };
		F65C94AD1AFB5CB200E5BA86 /* NSMutableDictionary+iTool.m */ = {isa = PBXFileReference; fileEncoding = 4; lastKnownFileType = sourcecode.c.objc; path = "NSMutableDictionary+iTool.m"; sourceTree = "<group>"; };
		F686F15F1A81BD69006697CC /* UIColor+iTool.h */ = {isa = PBXFileReference; fileEncoding = 4; lastKnownFileType = sourcecode.c.h; path = "UIColor+iTool.h"; sourceTree = "<group>"; };
		F686F1601A81BD69006697CC /* UIColor+iTool.m */ = {isa = PBXFileReference; fileEncoding = 4; lastKnownFileType = sourcecode.c.objc; path = "UIColor+iTool.m"; sourceTree = "<group>"; };
		F686F1621A81C667006697CC /* UIView+Positioning.h */ = {isa = PBXFileReference; fileEncoding = 4; lastKnownFileType = sourcecode.c.h; path = "UIView+Positioning.h"; sourceTree = "<group>"; };
		F686F1631A81C667006697CC /* UIView+Positioning.m */ = {isa = PBXFileReference; fileEncoding = 4; lastKnownFileType = sourcecode.c.objc; path = "UIView+Positioning.m"; sourceTree = "<group>"; };
/* End PBXFileReference section */

/* Begin PBXFrameworksBuildPhase section */
		F635A88E1A5E24DF0073900E /* Frameworks */ = {
			isa = PBXFrameworksBuildPhase;
			buildActionMask = 2147483647;
			files = (
				F63A592A1AA7E817006FF4F6 /* libsqlite3.0.dylib in Frameworks */,
			);
			runOnlyForDeploymentPostprocessing = 0;
		};
		F635A8A71A5E24DF0073900E /* Frameworks */ = {
			isa = PBXFrameworksBuildPhase;
			buildActionMask = 2147483647;
			files = (
			);
			runOnlyForDeploymentPostprocessing = 0;
		};
/* End PBXFrameworksBuildPhase section */

/* Begin PBXGroup section */
		F62A540B1A6CA8EB0015FFC9 /* frameworks */ = {
			isa = PBXGroup;
			children = (
				F62A540C1A6CA8EB0015FFC9 /* System */,
				F62A54271A6CA8EB0015FFC9 /* Vendor */,
				F65A449C1A899AA2001E3E4A /* iToolKit.h */,
			);
			path = frameworks;
			sourceTree = "<group>";
		};
		F62A540C1A6CA8EB0015FFC9 /* System */ = {
			isa = PBXGroup;
			children = (
				F63A596C1AA7F694006FF4F6 /* Network */,
				F63A59281AA7E808006FF4F6 /* Database */,
				F62A540D1A6CA8EB0015FFC9 /* Foundation */,
				F62A54211A6CA8EB0015FFC9 /* UIKit */,
			);
			path = System;
			sourceTree = "<group>";
		};
		F62A540D1A6CA8EB0015FFC9 /* Foundation */ = {
			isa = PBXGroup;
			children = (
				F62A540E1A6CA8EB0015FFC9 /* Category */,
				F62A54171A6CA8EB0015FFC9 /* iTBDeviceInfo.h */,
				F62A54181A6CA8EB0015FFC9 /* iTBDeviceInfo.m */,
				F62A54191A6CA8EB0015FFC9 /* iTBFoundation.h */,
				F62A541A1A6CA8EB0015FFC9 /* iTBFoundation.m */,
				F62A541B1A6CA8EB0015FFC9 /* iTBSandBox.h */,
				F62A541C1A6CA8EB0015FFC9 /* iTBSandBox.m */,
				F62A541D1A6CA8EB0015FFC9 /* iTBSingleton.h */,
				F62A541E1A6CA8EB0015FFC9 /* iTBSingleton.m */,
				F62A541F1A6CA8EB0015FFC9 /* iTBSystemInfo.h */,
				F62A54201A6CA8EB0015FFC9 /* iTBSystemInfo.m */,
				F65A44A71A89C59A001E3E4A /* iTBLog.h */,
				F65A44A81A89C59A001E3E4A /* iTBLog.m */,
			);
			path = Foundation;
			sourceTree = "<group>";
		};
		F62A540E1A6CA8EB0015FFC9 /* Category */ = {
			isa = PBXGroup;
			children = (
				F62A540F1A6CA8EB0015FFC9 /* NSArray+iTool.h */,
				F62A54101A6CA8EB0015FFC9 /* NSArray+iTool.m */,
				F62A54111A6CA8EB0015FFC9 /* NSData+iTool.h */,
				F62A54121A6CA8EB0015FFC9 /* NSData+iTool.m */,
				F62A54131A6CA8EB0015FFC9 /* NSMutableArray+iTool.h */,
				F62A54141A6CA8EB0015FFC9 /* NSMutableArray+iTool.m */,
				F62A54151A6CA8EB0015FFC9 /* NSString+iTool.h */,
				F62A54161A6CA8EB0015FFC9 /* NSString+iTool.m */,
				F65A449F1A899C93001E3E4A /* NSDictionary+iTool.h */,
				F65A44A01A899C93001E3E4A /* NSDictionary+iTool.m */,
				F65C94AC1AFB5CB200E5BA86 /* NSMutableDictionary+iTool.h */,
				F65C94AD1AFB5CB200E5BA86 /* NSMutableDictionary+iTool.m */,
			);
			path = Category;
			sourceTree = "<group>";
		};
		F62A54211A6CA8EB0015FFC9 /* UIKit */ = {
			isa = PBXGroup;
			children = (
				F62A54221A6CA8EB0015FFC9 /* Category */,
			);
			path = UIKit;
			sourceTree = "<group>";
		};
		F62A54221A6CA8EB0015FFC9 /* Category */ = {
			isa = PBXGroup;
			children = (
				F62A54231A6CA8EB0015FFC9 /* UIButton+iTool.h */,
				F62A54241A6CA8EB0015FFC9 /* UIButton+iTool.m */,
				F62A54251A6CA8EB0015FFC9 /* UIImage+iTool.h */,
				F62A54261A6CA8EB0015FFC9 /* UIImage+iTool.m */,
				F62A54611A6CA96F0015FFC9 /* UIView+iTool.h */,
				F62A54621A6CA96F0015FFC9 /* UIView+iTool.m */,
				F686F15F1A81BD69006697CC /* UIColor+iTool.h */,
				F686F1601A81BD69006697CC /* UIColor+iTool.m */,
				F686F1621A81C667006697CC /* UIView+Positioning.h */,
				F686F1631A81C667006697CC /* UIView+Positioning.m */,
				F65A44A21A89A87B001E3E4A /* UIWindow+iTool.h */,
				F65A44A31A89A87B001E3E4A /* UIWindow+iTool.m */,
				F6483D2C1A91D57A00708E81 /* UIBarButtonItem+iTool.h */,
				F6483D2D1A91D57A00708E81 /* UIBarButtonItem+iTool.m */,
				F63A592E1AA7EE58006FF4F6 /* UIImageView+iTool.h */,
				F63A592F1AA7EE58006FF4F6 /* UIImageView+iTool.m */,
			);
			path = Category;
			sourceTree = "<group>";
		};
		F62A54271A6CA8EB0015FFC9 /* Vendor */ = {
			isa = PBXGroup;
			children = (
				F63A59311AA7F632006FF4F6 /* AFNetworking */,
				F63A59171AA7E7E5006FF4F6 /* FMDB */,
				F62A54281A6CA8EB0015FFC9 /* JSONModel */,
				F62A54421A6CA8EB0015FFC9 /* SVProgressHUD */,
			);
			path = Vendor;
			sourceTree = "<group>";
		};
		F62A54281A6CA8EB0015FFC9 /* JSONModel */ = {
			isa = PBXGroup;
			children = (
				F62A54291A6CA8EB0015FFC9 /* JSONModel */,
				F62A54321A6CA8EB0015FFC9 /* JSONModelCategories */,
				F62A54351A6CA8EB0015FFC9 /* JSONModelLib.h */,
				F62A54361A6CA8EB0015FFC9 /* JSONModelNetworking */,
				F62A543D1A6CA8EB0015FFC9 /* JSONModelTransformations */,
			);
			path = JSONModel;
			sourceTree = "<group>";
		};
		F62A54291A6CA8EB0015FFC9 /* JSONModel */ = {
			isa = PBXGroup;
			children = (
				F62A542A1A6CA8EB0015FFC9 /* JSONModel.h */,
				F62A542B1A6CA8EB0015FFC9 /* JSONModel.m */,
				F62A542C1A6CA8EB0015FFC9 /* JSONModelArray.h */,
				F62A542D1A6CA8EB0015FFC9 /* JSONModelArray.m */,
				F62A542E1A6CA8EB0015FFC9 /* JSONModelClassProperty.h */,
				F62A542F1A6CA8EB0015FFC9 /* JSONModelClassProperty.m */,
				F62A54301A6CA8EB0015FFC9 /* JSONModelError.h */,
				F62A54311A6CA8EB0015FFC9 /* JSONModelError.m */,
			);
			path = JSONModel;
			sourceTree = "<group>";
		};
		F62A54321A6CA8EB0015FFC9 /* JSONModelCategories */ = {
			isa = PBXGroup;
			children = (
				F62A54331A6CA8EB0015FFC9 /* NSArray+JSONModel.h */,
				F62A54341A6CA8EB0015FFC9 /* NSArray+JSONModel.m */,
			);
			path = JSONModelCategories;
			sourceTree = "<group>";
		};
		F62A54361A6CA8EB0015FFC9 /* JSONModelNetworking */ = {
			isa = PBXGroup;
			children = (
				F62A54371A6CA8EB0015FFC9 /* JSONAPI.h */,
				F62A54381A6CA8EB0015FFC9 /* JSONAPI.m */,
				F62A54391A6CA8EB0015FFC9 /* JSONHTTPClient.h */,
				F62A543A1A6CA8EB0015FFC9 /* JSONHTTPClient.m */,
				F62A543B1A6CA8EB0015FFC9 /* JSONModel+networking.h */,
				F62A543C1A6CA8EB0015FFC9 /* JSONModel+networking.m */,
			);
			path = JSONModelNetworking;
			sourceTree = "<group>";
		};
		F62A543D1A6CA8EB0015FFC9 /* JSONModelTransformations */ = {
			isa = PBXGroup;
			children = (
				F62A543E1A6CA8EB0015FFC9 /* JSONKeyMapper.h */,
				F62A543F1A6CA8EB0015FFC9 /* JSONKeyMapper.m */,
				F62A54401A6CA8EB0015FFC9 /* JSONValueTransformer.h */,
				F62A54411A6CA8EB0015FFC9 /* JSONValueTransformer.m */,
			);
			path = JSONModelTransformations;
			sourceTree = "<group>";
		};
		F62A54421A6CA8EB0015FFC9 /* SVProgressHUD */ = {
			isa = PBXGroup;
			children = (
				F62A54431A6CA8EB0015FFC9 /* SVIndefiniteAnimatedView.h */,
				F62A54441A6CA8EB0015FFC9 /* SVIndefiniteAnimatedView.m */,
				F62A54451A6CA8EB0015FFC9 /* SVProgressHUD-Prefix.pch */,
				F62A54461A6CA8EB0015FFC9 /* SVProgressHUD.bundle */,
				F62A54471A6CA8EB0015FFC9 /* SVProgressHUD.h */,
				F62A54481A6CA8EB0015FFC9 /* SVProgressHUD.m */,
			);
			path = SVProgressHUD;
			sourceTree = "<group>";
		};
		F635A8881A5E24DF0073900E = {
			isa = PBXGroup;
			children = (
				F63A59291AA7E817006FF4F6 /* libsqlite3.0.dylib */,
				F635A8931A5E24DF0073900E /* iToolBox */,
				F635A8AD1A5E24DF0073900E /* iToolBoxTests */,
				F635A8921A5E24DF0073900E /* Products */,
			);
			sourceTree = "<group>";
		};
		F635A8921A5E24DF0073900E /* Products */ = {
			isa = PBXGroup;
			children = (
				F635A8911A5E24DF0073900E /* iToolBox.app */,
				F635A8AA1A5E24DF0073900E /* iToolBoxTests.xctest */,
			);
			name = Products;
			sourceTree = "<group>";
		};
		F635A8931A5E24DF0073900E /* iToolBox */ = {
			isa = PBXGroup;
			children = (
				F65A44A51A89AD0B001E3E4A /* success@3x.png */,
				F62A540B1A6CA8EB0015FFC9 /* frameworks */,
				F635A8981A5E24DF0073900E /* AppDelegate.h */,
				F635A8991A5E24DF0073900E /* AppDelegate.m */,
				F635A89B1A5E24DF0073900E /* ViewController.h */,
				F635A89C1A5E24DF0073900E /* ViewController.m */,
				F635A89E1A5E24DF0073900E /* Main.storyboard */,
				F635A8A11A5E24DF0073900E /* Images.xcassets */,
				F635A8A31A5E24DF0073900E /* LaunchScreen.xib */,
				F635A8941A5E24DF0073900E /* Supporting Files */,
			);
			path = iToolBox;
			sourceTree = "<group>";
		};
		F635A8941A5E24DF0073900E /* Supporting Files */ = {
			isa = PBXGroup;
			children = (
				F635A8951A5E24DF0073900E /* Info.plist */,
				F635A8961A5E24DF0073900E /* main.m */,
			);
			name = "Supporting Files";
			sourceTree = "<group>";
		};
		F635A8AD1A5E24DF0073900E /* iToolBoxTests */ = {
			isa = PBXGroup;
			children = (
				F635A8B01A5E24DF0073900E /* iToolBoxTests.m */,
				F635A8AE1A5E24DF0073900E /* Supporting Files */,
			);
			path = iToolBoxTests;
			sourceTree = "<group>";
		};
		F635A8AE1A5E24DF0073900E /* Supporting Files */ = {
			isa = PBXGroup;
			children = (
				F635A8AF1A5E24DF0073900E /* Info.plist */,
			);
			name = "Supporting Files";
			sourceTree = "<group>";
		};
		F63A59171AA7E7E5006FF4F6 /* FMDB */ = {
			isa = PBXGroup;
			children = (
				F63A59181AA7E7E5006FF4F6 /* FMDatabase.h */,
				F63A59191AA7E7E5006FF4F6 /* FMDatabase.m */,
				F63A591A1AA7E7E5006FF4F6 /* FMDatabaseAdditions.h */,
				F63A591B1AA7E7E5006FF4F6 /* FMDatabaseAdditions.m */,
				F63A591C1AA7E7E5006FF4F6 /* FMDatabasePool.h */,
				F63A591D1AA7E7E5006FF4F6 /* FMDatabasePool.m */,
				F63A591E1AA7E7E5006FF4F6 /* FMDatabaseQueue.h */,
				F63A591F1AA7E7E5006FF4F6 /* FMDatabaseQueue.m */,
				F63A59201AA7E7E5006FF4F6 /* FMDB.h */,
				F63A59211AA7E7E5006FF4F6 /* FMResultSet.h */,
				F63A59221AA7E7E5006FF4F6 /* FMResultSet.m */,
			);
			path = FMDB;
			sourceTree = "<group>";
		};
		F63A59281AA7E808006FF4F6 /* Database */ = {
			isa = PBXGroup;
			children = (
				F63A592B1AA7E84F006FF4F6 /* YTKKeyValueStore.h */,
				F63A592C1AA7E84F006FF4F6 /* YTKKeyValueStore.m */,
			);
			path = Database;
			sourceTree = "<group>";
		};
		F63A59311AA7F632006FF4F6 /* AFNetworking */ = {
			isa = PBXGroup;
			children = (
				F63A59321AA7F632006FF4F6 /* AFDownloadRequestOperation */,
				F63A59351AA7F632006FF4F6 /* AFHTTPRequestOperation.h */,
				F63A59361AA7F632006FF4F6 /* AFHTTPRequestOperation.m */,
				F63A59371AA7F632006FF4F6 /* AFHTTPRequestOperationManager.h */,
				F63A59381AA7F632006FF4F6 /* AFHTTPRequestOperationManager.m */,
				F63A59391AA7F632006FF4F6 /* AFHTTPSessionManager.h */,
				F63A593A1AA7F632006FF4F6 /* AFHTTPSessionManager.m */,
				F63A593B1AA7F632006FF4F6 /* AFNetworking.h */,
				F63A593C1AA7F632006FF4F6 /* AFNetworkReachabilityManager.h */,
				F63A593D1AA7F632006FF4F6 /* AFNetworkReachabilityManager.m */,
				F63A593E1AA7F632006FF4F6 /* AFSecurityPolicy.h */,
				F63A593F1AA7F632006FF4F6 /* AFSecurityPolicy.m */,
				F63A59401AA7F632006FF4F6 /* AFURLConnectionOperation.h */,
				F63A59411AA7F632006FF4F6 /* AFURLConnectionOperation.m */,
				F63A59421AA7F632006FF4F6 /* AFURLRequestSerialization.h */,
				F63A59431AA7F632006FF4F6 /* AFURLRequestSerialization.m */,
				F63A59441AA7F632006FF4F6 /* AFURLResponseSerialization.h */,
				F63A59451AA7F632006FF4F6 /* AFURLResponseSerialization.m */,
				F63A59461AA7F632006FF4F6 /* AFURLSessionManager.h */,
				F63A59471AA7F632006FF4F6 /* AFURLSessionManager.m */,
				F63A59481AA7F632006FF4F6 /* UIKit+AFNetworking */,
			);
			path = AFNetworking;
			sourceTree = "<group>";
		};
		F63A59321AA7F632006FF4F6 /* AFDownloadRequestOperation */ = {
			isa = PBXGroup;
			children = (
				F63A59331AA7F632006FF4F6 /* AFDownloadRequestOperation.h */,
				F63A59341AA7F632006FF4F6 /* AFDownloadRequestOperation.m */,
			);
			path = AFDownloadRequestOperation;
			sourceTree = "<group>";
		};
		F63A59481AA7F632006FF4F6 /* UIKit+AFNetworking */ = {
			isa = PBXGroup;
			children = (
				F63A59491AA7F632006FF4F6 /* AFNetworkActivityIndicatorManager.h */,
				F63A594A1AA7F632006FF4F6 /* AFNetworkActivityIndicatorManager.m */,
				F63A594B1AA7F632006FF4F6 /* UIActivityIndicatorView+AFNetworking.h */,
				F63A594C1AA7F632006FF4F6 /* UIActivityIndicatorView+AFNetworking.m */,
				F63A594D1AA7F632006FF4F6 /* UIAlertView+AFNetworking.h */,
				F63A594E1AA7F632006FF4F6 /* UIAlertView+AFNetworking.m */,
				F63A594F1AA7F632006FF4F6 /* UIButton+AFNetworking.h */,
				F63A59501AA7F632006FF4F6 /* UIButton+AFNetworking.m */,
				F63A59511AA7F632006FF4F6 /* UIImageView+AFNetworking.h */,
				F63A59521AA7F632006FF4F6 /* UIImageView+AFNetworking.m */,
				F63A59531AA7F632006FF4F6 /* UIKit+AFNetworking.h */,
				F63A59541AA7F632006FF4F6 /* UIProgressView+AFNetworking.h */,
				F63A59551AA7F632006FF4F6 /* UIProgressView+AFNetworking.m */,
				F63A59561AA7F632006FF4F6 /* UIRefreshControl+AFNetworking.h */,
				F63A59571AA7F632006FF4F6 /* UIRefreshControl+AFNetworking.m */,
				F63A59581AA7F632006FF4F6 /* UIWebView+AFNetworking.h */,
				F63A59591AA7F632006FF4F6 /* UIWebView+AFNetworking.m */,
			);
			path = "UIKit+AFNetworking";
			sourceTree = "<group>";
		};
		F63A596C1AA7F694006FF4F6 /* Network */ = {
			isa = PBXGroup;
			children = (
				F63A596D1AA7F694006FF4F6 /* YTKNetwork */,
			);
			path = Network;
			sourceTree = "<group>";
		};
		F63A596D1AA7F694006FF4F6 /* YTKNetwork */ = {
			isa = PBXGroup;
			children = (
				F63A596E1AA7F694006FF4F6 /* YTKBaseRequest.h */,
				F63A596F1AA7F694006FF4F6 /* YTKBaseRequest.m */,
				F63A59701AA7F694006FF4F6 /* YTKBatchRequest.h */,
				F63A59711AA7F694006FF4F6 /* YTKBatchRequest.m */,
				F63A59721AA7F694006FF4F6 /* YTKBatchRequestAgent.h */,
				F63A59731AA7F694006FF4F6 /* YTKBatchRequestAgent.m */,
				F63A59741AA7F694006FF4F6 /* YTKChainRequest.h */,
				F63A59751AA7F694006FF4F6 /* YTKChainRequest.m */,
				F63A59761AA7F694006FF4F6 /* YTKChainRequestAgent.h */,
				F63A59771AA7F694006FF4F6 /* YTKChainRequestAgent.m */,
				F63A59781AA7F694006FF4F6 /* YTKNetworkAgent.h */,
				F63A59791AA7F694006FF4F6 /* YTKNetworkAgent.m */,
				F63A597A1AA7F694006FF4F6 /* YTKNetworkConfig.h */,
				F63A597B1AA7F694006FF4F6 /* YTKNetworkConfig.m */,
				F63A597C1AA7F694006FF4F6 /* YTKNetworkPrivate.h */,
				F63A597D1AA7F694006FF4F6 /* YTKNetworkPrivate.m */,
				F63A597E1AA7F694006FF4F6 /* YTKRequest.h */,
				F63A597F1AA7F694006FF4F6 /* YTKRequest.m */,
			);
			path = YTKNetwork;
			sourceTree = "<group>";
		};
/* End PBXGroup section */

/* Begin PBXNativeTarget section */
		F635A8901A5E24DF0073900E /* iToolBox */ = {
			isa = PBXNativeTarget;
			buildConfigurationList = F635A8B41A5E24DF0073900E /* Build configuration list for PBXNativeTarget "iToolBox" */;
			buildPhases = (
				F635A88D1A5E24DF0073900E /* Sources */,
				F635A88E1A5E24DF0073900E /* Frameworks */,
				F635A88F1A5E24DF0073900E /* Resources */,
			);
			buildRules = (
			);
			dependencies = (
			);
			name = iToolBox;
			productName = iToolBox;
			productReference = F635A8911A5E24DF0073900E /* iToolBox.app */;
			productType = "com.apple.product-type.application";
		};
		F635A8A91A5E24DF0073900E /* iToolBoxTests */ = {
			isa = PBXNativeTarget;
			buildConfigurationList = F635A8B71A5E24DF0073900E /* Build configuration list for PBXNativeTarget "iToolBoxTests" */;
			buildPhases = (
				F635A8A61A5E24DF0073900E /* Sources */,
				F635A8A71A5E24DF0073900E /* Frameworks */,
				F635A8A81A5E24DF0073900E /* Resources */,
			);
			buildRules = (
			);
			dependencies = (
				F635A8AC1A5E24DF0073900E /* PBXTargetDependency */,
			);
			name = iToolBoxTests;
			productName = iToolBoxTests;
			productReference = F635A8AA1A5E24DF0073900E /* iToolBoxTests.xctest */;
			productType = "com.apple.product-type.bundle.unit-test";
		};
/* End PBXNativeTarget section */

/* Begin PBXProject section */
		F635A8891A5E24DF0073900E /* Project object */ = {
			isa = PBXProject;
			attributes = {
				LastUpgradeCheck = 0610;
				ORGANIZATIONNAME = liuhongnian;
				TargetAttributes = {
					F635A8901A5E24DF0073900E = {
						CreatedOnToolsVersion = 6.1.1;
					};
					F635A8A91A5E24DF0073900E = {
						CreatedOnToolsVersion = 6.1.1;
						TestTargetID = F635A8901A5E24DF0073900E;
					};
				};
			};
			buildConfigurationList = F635A88C1A5E24DF0073900E /* Build configuration list for PBXProject "iToolBox" */;
			compatibilityVersion = "Xcode 3.2";
			developmentRegion = English;
			hasScannedForEncodings = 0;
			knownRegions = (
				en,
				Base,
			);
			mainGroup = F635A8881A5E24DF0073900E;
			productRefGroup = F635A8921A5E24DF0073900E /* Products */;
			projectDirPath = "";
			projectRoot = "";
			targets = (
				F635A8901A5E24DF0073900E /* iToolBox */,
				F635A8A91A5E24DF0073900E /* iToolBoxTests */,
			);
		};
/* End PBXProject section */

/* Begin PBXResourcesBuildPhase section */
		F635A88F1A5E24DF0073900E /* Resources */ = {
			isa = PBXResourcesBuildPhase;
			buildActionMask = 2147483647;
			files = (
				F635A8A01A5E24DF0073900E /* Main.storyboard in Resources */,
				F635A8A51A5E24DF0073900E /* LaunchScreen.xib in Resources */,
				F65A44A61A89AD0B001E3E4A /* success@3x.png in Resources */,
				F635A8A21A5E24DF0073900E /* Images.xcassets in Resources */,
				F62A545F1A6CA8EB0015FFC9 /* SVProgressHUD.bundle in Resources */,
			);
			runOnlyForDeploymentPostprocessing = 0;
		};
		F635A8A81A5E24DF0073900E /* Resources */ = {
			isa = PBXResourcesBuildPhase;
			buildActionMask = 2147483647;
			files = (
			);
			runOnlyForDeploymentPostprocessing = 0;
		};
/* End PBXResourcesBuildPhase section */

/* Begin PBXSourcesBuildPhase section */
		F635A88D1A5E24DF0073900E /* Sources */ = {
			isa = PBXSourcesBuildPhase;
			buildActionMask = 2147483647;
			files = (
				F63A59691AA7F632006FF4F6 /* UIProgressView+AFNetworking.m in Sources */,
				F62A545E1A6CA8EB0015FFC9 /* SVIndefiniteAnimatedView.m in Sources */,
				F63A595C1AA7F632006FF4F6 /* AFHTTPRequestOperationManager.m in Sources */,
				F63A59671AA7F632006FF4F6 /* UIButton+AFNetworking.m in Sources */,
				F63A59801AA7F694006FF4F6 /* YTKBaseRequest.m in Sources */,
				F63A595F1AA7F632006FF4F6 /* AFSecurityPolicy.m in Sources */,
				F62A545A1A6CA8EB0015FFC9 /* JSONHTTPClient.m in Sources */,
				F62A544C1A6CA8EB0015FFC9 /* NSString+iTool.m in Sources */,
				F62A544F1A6CA8EB0015FFC9 /* iTBSandBox.m in Sources */,
				F63A59301AA7EE58006FF4F6 /* UIImageView+iTool.m in Sources */,
				F65A44A91A89C59A001E3E4A /* iTBLog.m in Sources */,
				F63A595B1AA7F632006FF4F6 /* AFHTTPRequestOperation.m in Sources */,
				F63A596A1AA7F632006FF4F6 /* UIRefreshControl+AFNetworking.m in Sources */,
				F62A54581A6CA8EB0015FFC9 /* NSArray+JSONModel.m in Sources */,
				F62A545C1A6CA8EB0015FFC9 /* JSONKeyMapper.m in Sources */,
				F63A592D1AA7E84F006FF4F6 /* YTKKeyValueStore.m in Sources */,
				F62A544A1A6CA8EB0015FFC9 /* NSData+iTool.m in Sources */,
				F62A54531A6CA8EB0015FFC9 /* UIImage+iTool.m in Sources */,
				F62A54491A6CA8EB0015FFC9 /* NSArray+iTool.m in Sources */,
				F62A54601A6CA8EB0015FFC9 /* SVProgressHUD.m in Sources */,
				F63A59601AA7F632006FF4F6 /* AFURLConnectionOperation.m in Sources */,
				F62A54551A6CA8EB0015FFC9 /* JSONModelArray.m in Sources */,
				F63A59261AA7E7E5006FF4F6 /* FMDatabaseQueue.m in Sources */,
				F686F1641A81C667006697CC /* UIView+Positioning.m in Sources */,
				F63A59251AA7E7E5006FF4F6 /* FMDatabasePool.m in Sources */,
				F63A595A1AA7F632006FF4F6 /* AFDownloadRequestOperation.m in Sources */,
				F65A44A11A899C93001E3E4A /* NSDictionary+iTool.m in Sources */,
				F635A89D1A5E24DF0073900E /* ViewController.m in Sources */,
				F63A59821AA7F694006FF4F6 /* YTKBatchRequestAgent.m in Sources */,
				F62A54591A6CA8EB0015FFC9 /* JSONAPI.m in Sources */,
				F63A59631AA7F632006FF4F6 /* AFURLSessionManager.m in Sources */,
				F62A545D1A6CA8EB0015FFC9 /* JSONValueTransformer.m in Sources */,
				F65A44A41A89A87B001E3E4A /* UIWindow+iTool.m in Sources */,
				F6483D2E1A91D57A00708E81 /* UIBarButtonItem+iTool.m in Sources */,
				F63A59831AA7F694006FF4F6 /* YTKChainRequest.m in Sources */,
				F63A59241AA7E7E5006FF4F6 /* FMDatabaseAdditions.m in Sources */,
				F63A59681AA7F632006FF4F6 /* UIImageView+AFNetworking.m in Sources */,
				F63A59871AA7F694006FF4F6 /* YTKNetworkPrivate.m in Sources */,
				F63A595D1AA7F632006FF4F6 /* AFHTTPSessionManager.m in Sources */,
				F63A59661AA7F632006FF4F6 /* UIAlertView+AFNetworking.m in Sources */,
				F62A54521A6CA8EB0015FFC9 /* UIButton+iTool.m in Sources */,
				F62A54501A6CA8EB0015FFC9 /* iTBSingleton.m in Sources */,
				F63A59271AA7E7E5006FF4F6 /* FMResultSet.m in Sources */,
				F63A59621AA7F632006FF4F6 /* AFURLResponseSerialization.m in Sources */,
				F63A59231AA7E7E5006FF4F6 /* FMDatabase.m in Sources */,
				F62A54561A6CA8EB0015FFC9 /* JSONModelClassProperty.m in Sources */,
				F62A54511A6CA8EB0015FFC9 /* iTBSystemInfo.m in Sources */,
				F63A59841AA7F694006FF4F6 /* YTKChainRequestAgent.m in Sources */,
				F63A59651AA7F632006FF4F6 /* UIActivityIndicatorView+AFNetworking.m in Sources */,
				F62A54541A6CA8EB0015FFC9 /* JSONModel.m in Sources */,
				F62A54571A6CA8EB0015FFC9 /* JSONModelError.m in Sources */,
				F62A54631A6CA96F0015FFC9 /* UIView+iTool.m in Sources */,
				F63A59641AA7F632006FF4F6 /* AFNetworkActivityIndicatorManager.m in Sources */,
				F63A59611AA7F632006FF4F6 /* AFURLRequestSerialization.m in Sources */,
				F63A595E1AA7F632006FF4F6 /* AFNetworkReachabilityManager.m in Sources */,
				F686F1611A81BD69006697CC /* UIColor+iTool.m in Sources */,
				F635A89A1A5E24DF0073900E /* AppDelegate.m in Sources */,
				F62A545B1A6CA8EB0015FFC9 /* JSONModel+networking.m in Sources */,
				F62A544D1A6CA8EB0015FFC9 /* iTBDeviceInfo.m in Sources */,
				F63A59811AA7F694006FF4F6 /* YTKBatchRequest.m in Sources */,
				F63A596B1AA7F632006FF4F6 /* UIWebView+AFNetworking.m in Sources */,
				F65C94AE1AFB5CB200E5BA86 /* NSMutableDictionary+iTool.m in Sources */,
				F63A59861AA7F694006FF4F6 /* YTKNetworkConfig.m in Sources */,
				F63A59881AA7F694006FF4F6 /* YTKRequest.m in Sources */,
				F635A8971A5E24DF0073900E /* main.m in Sources */,
				F63A59851AA7F694006FF4F6 /* YTKNetworkAgent.m in Sources */,
				F62A544E1A6CA8EB0015FFC9 /* iTBFoundation.m in Sources */,
				F62A544B1A6CA8EB0015FFC9 /* NSMutableArray+iTool.m in Sources */,
			);
			runOnlyForDeploymentPostprocessing = 0;
		};
		F635A8A61A5E24DF0073900E /* Sources */ = {
			isa = PBXSourcesBuildPhase;
			buildActionMask = 2147483647;
			files = (
				F635A8B11A5E24DF0073900E /* iToolBoxTests.m in Sources */,
			);
			runOnlyForDeploymentPostprocessing = 0;
		};
/* End PBXSourcesBuildPhase section */

/* Begin PBXTargetDependency section */
		F635A8AC1A5E24DF0073900E /* PBXTargetDependency */ = {
			isa = PBXTargetDependency;
			target = F635A8901A5E24DF0073900E /* iToolBox */;
			targetProxy = F635A8AB1A5E24DF0073900E /* PBXContainerItemProxy */;
		};
/* End PBXTargetDependency section */

/* Begin PBXVariantGroup section */
		F635A89E1A5E24DF0073900E /* Main.storyboard */ = {
			isa = PBXVariantGroup;
			children = (
				F635A89F1A5E24DF0073900E /* Base */,
			);
			name = Main.storyboard;
			sourceTree = "<group>";
		};
		F635A8A31A5E24DF0073900E /* LaunchScreen.xib */ = {
			isa = PBXVariantGroup;
			children = (
				F635A8A41A5E24DF0073900E /* Base */,
			);
			name = LaunchScreen.xib;
			sourceTree = "<group>";
		};
/* End PBXVariantGroup section */

/* Begin XCBuildConfiguration section */
		F635A8B21A5E24DF0073900E /* Debug */ = {
			isa = XCBuildConfiguration;
			buildSettings = {
				ALWAYS_SEARCH_USER_PATHS = NO;
				CLANG_CXX_LANGUAGE_STANDARD = "gnu++0x";
				CLANG_CXX_LIBRARY = "libc++";
				CLANG_ENABLE_MODULES = YES;
				CLANG_ENABLE_OBJC_ARC = YES;
				CLANG_WARN_BOOL_CONVERSION = YES;
				CLANG_WARN_CONSTANT_CONVERSION = YES;
				CLANG_WARN_DIRECT_OBJC_ISA_USAGE = YES_ERROR;
				CLANG_WARN_EMPTY_BODY = YES;
				CLANG_WARN_ENUM_CONVERSION = YES;
				CLANG_WARN_INT_CONVERSION = YES;
				CLANG_WARN_OBJC_ROOT_CLASS = YES_ERROR;
				CLANG_WARN_UNREACHABLE_CODE = YES;
				CLANG_WARN__DUPLICATE_METHOD_MATCH = YES;
				"CODE_SIGN_IDENTITY[sdk=iphoneos*]" = "iPhone Developer";
				COPY_PHASE_STRIP = NO;
				ENABLE_STRICT_OBJC_MSGSEND = YES;
				GCC_C_LANGUAGE_STANDARD = gnu99;
				GCC_DYNAMIC_NO_PIC = NO;
				GCC_OPTIMIZATION_LEVEL = 0;
				GCC_PREPROCESSOR_DEFINITIONS = (
					"DEBUG=1",
					"$(inherited)",
				);
				GCC_SYMBOLS_PRIVATE_EXTERN = NO;
				GCC_WARN_64_TO_32_BIT_CONVERSION = YES;
				GCC_WARN_ABOUT_RETURN_TYPE = YES_ERROR;
				GCC_WARN_UNDECLARED_SELECTOR = YES;
				GCC_WARN_UNINITIALIZED_AUTOS = YES_AGGRESSIVE;
				GCC_WARN_UNUSED_FUNCTION = YES;
				GCC_WARN_UNUSED_VARIABLE = YES;
				IPHONEOS_DEPLOYMENT_TARGET = 8.1;
				MTL_ENABLE_DEBUG_INFO = YES;
				ONLY_ACTIVE_ARCH = YES;
				SDKROOT = iphoneos;
			};
			name = Debug;
		};
		F635A8B31A5E24DF0073900E /* Release */ = {
			isa = XCBuildConfiguration;
			buildSettings = {
				ALWAYS_SEARCH_USER_PATHS = NO;
				CLANG_CXX_LANGUAGE_STANDARD = "gnu++0x";
				CLANG_CXX_LIBRARY = "libc++";
				CLANG_ENABLE_MODULES = YES;
				CLANG_ENABLE_OBJC_ARC = YES;
				CLANG_WARN_BOOL_CONVERSION = YES;
				CLANG_WARN_CONSTANT_CONVERSION = YES;
				CLANG_WARN_DIRECT_OBJC_ISA_USAGE = YES_ERROR;
				CLANG_WARN_EMPTY_BODY = YES;
				CLANG_WARN_ENUM_CONVERSION = YES;
				CLANG_WARN_INT_CONVERSION = YES;
				CLANG_WARN_OBJC_ROOT_CLASS = YES_ERROR;
				CLANG_WARN_UNREACHABLE_CODE = YES;
				CLANG_WARN__DUPLICATE_METHOD_MATCH = YES;
				"CODE_SIGN_IDENTITY[sdk=iphoneos*]" = "iPhone Developer";
				COPY_PHASE_STRIP = YES;
				ENABLE_NS_ASSERTIONS = NO;
				ENABLE_STRICT_OBJC_MSGSEND = YES;
				GCC_C_LANGUAGE_STANDARD = gnu99;
				GCC_WARN_64_TO_32_BIT_CONVERSION = YES;
				GCC_WARN_ABOUT_RETURN_TYPE = YES_ERROR;
				GCC_WARN_UNDECLARED_SELECTOR = YES;
				GCC_WARN_UNINITIALIZED_AUTOS = YES_AGGRESSIVE;
				GCC_WARN_UNUSED_FUNCTION = YES;
				GCC_WARN_UNUSED_VARIABLE = YES;
				IPHONEOS_DEPLOYMENT_TARGET = 8.1;
				MTL_ENABLE_DEBUG_INFO = NO;
				SDKROOT = iphoneos;
				VALIDATE_PRODUCT = YES;
			};
			name = Release;
		};
		F635A8B51A5E24DF0073900E /* Debug */ = {
			isa = XCBuildConfiguration;
			buildSettings = {
				ASSETCATALOG_COMPILER_APPICON_NAME = AppIcon;
				INFOPLIST_FILE = iToolBox/Info.plist;
				LD_RUNPATH_SEARCH_PATHS = "$(inherited) @executable_path/Frameworks";
				PRODUCT_NAME = "$(TARGET_NAME)";
			};
			name = Debug;
		};
		F635A8B61A5E24DF0073900E /* Release */ = {
			isa = XCBuildConfiguration;
			buildSettings = {
				ASSETCATALOG_COMPILER_APPICON_NAME = AppIcon;
				INFOPLIST_FILE = iToolBox/Info.plist;
				LD_RUNPATH_SEARCH_PATHS = "$(inherited) @executable_path/Frameworks";
				PRODUCT_NAME = "$(TARGET_NAME)";
			};
			name = Release;
		};
		F635A8B81A5E24DF0073900E /* Debug */ = {
			isa = XCBuildConfiguration;
			buildSettings = {
				BUNDLE_LOADER = "$(TEST_HOST)";
				FRAMEWORK_SEARCH_PATHS = (
					"$(SDKROOT)/Developer/Library/Frameworks",
					"$(inherited)",
				);
				GCC_PREPROCESSOR_DEFINITIONS = (
					"DEBUG=1",
					"$(inherited)",
				);
				INFOPLIST_FILE = iToolBoxTests/Info.plist;
				LD_RUNPATH_SEARCH_PATHS = "$(inherited) @executable_path/Frameworks @loader_path/Frameworks";
				PRODUCT_NAME = "$(TARGET_NAME)";
				TEST_HOST = "$(BUILT_PRODUCTS_DIR)/iToolBox.app/iToolBox";
			};
			name = Debug;
		};
		F635A8B91A5E24DF0073900E /* Release */ = {
			isa = XCBuildConfiguration;
			buildSettings = {
				BUNDLE_LOADER = "$(TEST_HOST)";
				FRAMEWORK_SEARCH_PATHS = (
					"$(SDKROOT)/Developer/Library/Frameworks",
					"$(inherited)",
				);
				INFOPLIST_FILE = iToolBoxTests/Info.plist;
				LD_RUNPATH_SEARCH_PATHS = "$(inherited) @executable_path/Frameworks @loader_path/Frameworks";
				PRODUCT_NAME = "$(TARGET_NAME)";
				TEST_HOST = "$(BUILT_PRODUCTS_DIR)/iToolBox.app/iToolBox";
			};
			name = Release;
		};
/* End XCBuildConfiguration section */

/* Begin XCConfigurationList section */
		F635A88C1A5E24DF0073900E /* Build configuration list for PBXProject "iToolBox" */ = {
			isa = XCConfigurationList;
			buildConfigurations = (
				F635A8B21A5E24DF0073900E /* Debug */,
				F635A8B31A5E24DF0073900E /* Release */,
			);
			defaultConfigurationIsVisible = 0;
			defaultConfigurationName = Release;
		};
		F635A8B41A5E24DF0073900E /* Build configuration list for PBXNativeTarget "iToolBox" */ = {
			isa = XCConfigurationList;
			buildConfigurations = (
				F635A8B51A5E24DF0073900E /* Debug */,
				F635A8B61A5E24DF0073900E /* Release */,
			);
			defaultConfigurationIsVisible = 0;
			defaultConfigurationName = Release;
		};
		F635A8B71A5E24DF0073900E /* Build configuration list for PBXNativeTarget "iToolBoxTests" */ = {
			isa = XCConfigurationList;
			buildConfigurations = (
				F635A8B81A5E24DF0073900E /* Debug */,
				F635A8B91A5E24DF0073900E /* Release */,
			);
			defaultConfigurationIsVisible = 0;
			defaultConfigurationName = Release;
		};
/* End XCConfigurationList section */
	};
	rootObject = F635A8891A5E24DF0073900E /* Project object */;
}
